// !$*UTF8*$!
{
	archiveVersion = 1;
	classes = {
	};
	objectVersion = 50;
	objects = {

/* Begin PBXBuildFile section */
		0F0AAADA21D2107200518747 /* AppDelegate.swift in Sources */ = {isa = PBXBuildFile; fileRef = 0F0AAAD921D2107200518747 /* AppDelegate.swift */; };
		0F0AAADC21D2107200518747 /* ViewController.swift in Sources */ = {isa = PBXBuildFile; fileRef = 0F0AAADB21D2107200518747 /* ViewController.swift */; };
		0F0AAADF21D2107200518747 /* Main.storyboard in Resources */ = {isa = PBXBuildFile; fileRef = 0F0AAADD21D2107200518747 /* Main.storyboard */; };
		0F0AAAE121D2107300518747 /* Assets.xcassets in Resources */ = {isa = PBXBuildFile; fileRef = 0F0AAAE021D2107300518747 /* Assets.xcassets */; };
		0F0AAAE421D2107300518747 /* LaunchScreen.storyboard in Resources */ = {isa = PBXBuildFile; fileRef = 0F0AAAE221D2107300518747 /* LaunchScreen.storyboard */; };
		0F0AAAEC21D2195200518747 /* GameScene.swift in Sources */ = {isa = PBXBuildFile; fileRef = 0F0AAAEB21D2195200518747 /* GameScene.swift */; };
		0F0AAAEE21D3166700518747 /* TitleScene.swift in Sources */ = {isa = PBXBuildFile; fileRef = 0F0AAAED21D3166700518747 /* TitleScene.swift */; };
		0F6B690A21D4C95C0041B3B6 /* bgm_game_playing.mp3 in Resources */ = {isa = PBXBuildFile; fileRef = 0F6B690721D4C95C0041B3B6 /* bgm_game_playing.mp3 */; };
		0F6B690B21D4C95C0041B3B6 /* se_gameover.mp3 in Resources */ = {isa = PBXBuildFile; fileRef = 0F6B690821D4C95C0041B3B6 /* se_gameover.mp3 */; };
		0F6B690C21D4C95C0041B3B6 /* se_item_get.mp3 in Resources */ = {isa = PBXBuildFile; fileRef = 0F6B690921D4C95C0041B3B6 /* se_item_get.mp3 */; };
		0F6B690E21D4DD5B0041B3B6 /* ItemGetParticle.sks in Resources */ = {isa = PBXBuildFile; fileRef = 0F6B690D21D4DD5B0041B3B6 /* ItemGetParticle.sks */; };
		0F8BDA7221D5BB76004F5FAA /* xxx.mp3 in Resources */ = {isa = PBXBuildFile; fileRef = 0F8BDA7121D5BB76004F5FAA /* xxx.mp3 */; };
		0F8BDA7421D5BF8C004F5FAA /* xxxx.mp3 in Resources */ = {isa = PBXBuildFile; fileRef = 0F8BDA7321D5BF8C004F5FAA /* xxxx.mp3 */; };
		0FA35F3F21D38E0500D29138 /* ObjectSize.swift in Sources */ = {isa = PBXBuildFile; fileRef = 0FA35F3E21D38E0500D29138 /* ObjectSize.swift */; };
		6B2EC52CBD12BD9AF4296E52 /* Pods_FlappyBird.framework in Frameworks */ = {isa = PBXBuildFile; fileRef = 4902F86D47ACBC9B5A7B5F24 /* Pods_FlappyBird.framework */; };
/* End PBXBuildFile section */

/* Begin PBXFileReference section */
		0F0AAAD621D2107200518747 /* FlappyBird.app */ = {isa = PBXFileReference; explicitFileType = wrapper.application; includeInIndex = 0; path = FlappyBird.app; sourceTree = BUILT_PRODUCTS_DIR; };
		0F0AAAD921D2107200518747 /* AppDelegate.swift */ = {isa = PBXFileReference; lastKnownFileType = sourcecode.swift; path = AppDelegate.swift; sourceTree = "<group>"; };
		0F0AAADB21D2107200518747 /* ViewController.swift */ = {isa = PBXFileReference; lastKnownFileType = sourcecode.swift; path = ViewController.swift; sourceTree = "<group>"; };
		0F0AAADE21D2107200518747 /* Base */ = {isa = PBXFileReference; lastKnownFileType = file.storyboard; name = Base; path = Base.lproj/Main.storyboard; sourceTree = "<group>"; };
		0F0AAAE021D2107300518747 /* Assets.xcassets */ = {isa = PBXFileReference; lastKnownFileType = folder.assetcatalog; path = Assets.xcassets; sourceTree = "<group>"; };
		0F0AAAE321D2107300518747 /* Base */ = {isa = PBXFileReference; lastKnownFileType = file.storyboard; name = Base; path = Base.lproj/LaunchScreen.storyboard; sourceTree = "<group>"; };
		0F0AAAE521D2107300518747 /* Info.plist */ = {isa = PBXFileReference; lastKnownFileType = text.plist.xml; path = Info.plist; sourceTree = "<group>"; };
		0F0AAAEB21D2195200518747 /* GameScene.swift */ = {isa = PBXFileReference; lastKnownFileType = sourcecode.swift; path = GameScene.swift; sourceTree = "<group>"; };
		0F0AAAED21D3166700518747 /* TitleScene.swift */ = {isa = PBXFileReference; lastKnownFileType = sourcecode.swift; path = TitleScene.swift; sourceTree = "<group>"; };
		0F6B690721D4C95C0041B3B6 /* bgm_game_playing.mp3 */ = {isa = PBXFileReference; lastKnownFileType = audio.mp3; path = bgm_game_playing.mp3; sourceTree = "<group>"; };
		0F6B690821D4C95C0041B3B6 /* se_gameover.mp3 */ = {isa = PBXFileReference; lastKnownFileType = audio.mp3; path = se_gameover.mp3; sourceTree = "<group>"; };
		0F6B690921D4C95C0041B3B6 /* se_item_get.mp3 */ = {isa = PBXFileReference; lastKnownFileType = audio.mp3; path = se_item_get.mp3; sourceTree = "<group>"; };
		0F6B690D21D4DD5B0041B3B6 /* ItemGetParticle.sks */ = {isa = PBXFileReference; lastKnownFileType = file.sks; path = ItemGetParticle.sks; sourceTree = "<group>"; };
		0F8BDA7121D5BB76004F5FAA /* xxx.mp3 */ = {isa = PBXFileReference; lastKnownFileType = audio.mp3; path = xxx.mp3; sourceTree = "<group>"; };
		0F8BDA7321D5BF8C004F5FAA /* xxxx.mp3 */ = {isa = PBXFileReference; lastKnownFileType = audio.mp3; path = xxxx.mp3; sourceTree = "<group>"; };
		0FA35F3E21D38E0500D29138 /* ObjectSize.swift */ = {isa = PBXFileReference; lastKnownFileType = sourcecode.swift; path = ObjectSize.swift; sourceTree = "<group>"; };
		4902F86D47ACBC9B5A7B5F24 /* Pods_FlappyBird.framework */ = {isa = PBXFileReference; explicitFileType = wrapper.framework; includeInIndex = 0; path = Pods_FlappyBird.framework; sourceTree = BUILT_PRODUCTS_DIR; };
		7511B5A0AD2ED98D7462D469 /* Pods-FlappyBird.debug.xcconfig */ = {isa = PBXFileReference; includeInIndex = 1; lastKnownFileType = text.xcconfig; name = "Pods-FlappyBird.debug.xcconfig"; path = "Pods/Target Support Files/Pods-FlappyBird/Pods-FlappyBird.debug.xcconfig"; sourceTree = "<group>"; };
		D70235FFC0CA767544972301 /* Pods-FlappyBird.release.xcconfig */ = {isa = PBXFileReference; includeInIndex = 1; lastKnownFileType = text.xcconfig; name = "Pods-FlappyBird.release.xcconfig"; path = "Pods/Target Support Files/Pods-FlappyBird/Pods-FlappyBird.release.xcconfig"; sourceTree = "<group>"; };
/* End PBXFileReference section */

/* Begin PBXFrameworksBuildPhase section */
		0F0AAAD321D2107200518747 /* Frameworks */ = {
			isa = PBXFrameworksBuildPhase;
			buildActionMask = 2147483647;
			files = (
				6B2EC52CBD12BD9AF4296E52 /* Pods_FlappyBird.framework in Frameworks */,
			);
			runOnlyForDeploymentPostprocessing = 0;
		};
/* End PBXFrameworksBuildPhase section */

/* Begin PBXGroup section */
		0694AA85525E65C7D993E27E /* Pods */ = {
			isa = PBXGroup;
			children = (
				7511B5A0AD2ED98D7462D469 /* Pods-FlappyBird.debug.xcconfig */,
				D70235FFC0CA767544972301 /* Pods-FlappyBird.release.xcconfig */,
			);
			name = Pods;
			sourceTree = "<group>";
		};
		0F0AAACD21D2107200518747 = {
			isa = PBXGroup;
			children = (
				0F0AAAD821D2107200518747 /* FlappyBird */,
				0F0AAAD721D2107200518747 /* Products */,
				0694AA85525E65C7D993E27E /* Pods */,
				C634799972E23353EB41187D /* Frameworks */,
			);
			sourceTree = "<group>";
		};
		0F0AAAD721D2107200518747 /* Products */ = {
			isa = PBXGroup;
			children = (
				0F0AAAD621D2107200518747 /* FlappyBird.app */,
			);
			name = Products;
			sourceTree = "<group>";
		};
		0F0AAAD821D2107200518747 /* FlappyBird */ = {
			isa = PBXGroup;
			children = (
				0F6B690621D4C94B0041B3B6 /* music */,
				0F0AAAD921D2107200518747 /* AppDelegate.swift */,
				0F0AAADB21D2107200518747 /* ViewController.swift */,
				0F0AAADD21D2107200518747 /* Main.storyboard */,
				0F0AAAE021D2107300518747 /* Assets.xcassets */,
				0F0AAAE221D2107300518747 /* LaunchScreen.storyboard */,
				0F0AAAE521D2107300518747 /* Info.plist */,
				0F0AAAEB21D2195200518747 /* GameScene.swift */,
				0F0AAAED21D3166700518747 /* TitleScene.swift */,
				0FA35F3E21D38E0500D29138 /* ObjectSize.swift */,
				0F6B690D21D4DD5B0041B3B6 /* ItemGetParticle.sks */,
			);
			path = FlappyBird;
			sourceTree = "<group>";
		};
		0F6B690621D4C94B0041B3B6 /* music */ = {
			isa = PBXGroup;
			children = (
				0F6B690721D4C95C0041B3B6 /* bgm_game_playing.mp3 */,
				0F8BDA7321D5BF8C004F5FAA /* xxxx.mp3 */,
				0F8BDA7121D5BB76004F5FAA /* xxx.mp3 */,
				0F6B690821D4C95C0041B3B6 /* se_gameover.mp3 */,
				0F6B690921D4C95C0041B3B6 /* se_item_get.mp3 */,
			);
			path = music;
			sourceTree = "<group>";
		};
		C634799972E23353EB41187D /* Frameworks */ = {
			isa = PBXGroup;
			children = (
				4902F86D47ACBC9B5A7B5F24 /* Pods_FlappyBird.framework */,
			);
			name = Frameworks;
			sourceTree = "<group>";
		};
/* End PBXGroup section */

/* Begin PBXNativeTarget section */
		0F0AAAD521D2107200518747 /* FlappyBird */ = {
			isa = PBXNativeTarget;
			buildConfigurationList = 0F0AAAE821D2107300518747 /* Build configuration list for PBXNativeTarget "FlappyBird" */;
			buildPhases = (
				8072C5C72178D32D2DBA9173 /* [CP] Check Pods Manifest.lock */,
				0F0AAAD221D2107200518747 /* Sources */,
				0F0AAAD321D2107200518747 /* Frameworks */,
				0F0AAAD421D2107200518747 /* Resources */,
			);
			buildRules = (
			);
			dependencies = (
			);
			name = FlappyBird;
			productName = FlappyBird;
			productReference = 0F0AAAD621D2107200518747 /* FlappyBird.app */;
			productType = "com.apple.product-type.application";
		};
/* End PBXNativeTarget section */

/* Begin PBXProject section */
		0F0AAACE21D2107200518747 /* Project object */ = {
			isa = PBXProject;
			attributes = {
				LastSwiftUpdateCheck = 1000;
				LastUpgradeCheck = 1000;
				ORGANIZATIONNAME = hirohisa.kimura;
				TargetAttributes = {
					0F0AAAD521D2107200518747 = {
						CreatedOnToolsVersion = 10.0;
					};
				};
			};
			buildConfigurationList = 0F0AAAD121D2107200518747 /* Build configuration list for PBXProject "FlappyBird" */;
			compatibilityVersion = "Xcode 9.3";
			developmentRegion = en;
			hasScannedForEncodings = 0;
			knownRegions = (
				en,
				Base,
			);
			mainGroup = 0F0AAACD21D2107200518747;
			productRefGroup = 0F0AAAD721D2107200518747 /* Products */;
			projectDirPath = "";
			projectRoot = "";
			targets = (
				0F0AAAD521D2107200518747 /* FlappyBird */,
			);
		};
/* End PBXProject section */

/* Begin PBXResourcesBuildPhase section */
		0F0AAAD421D2107200518747 /* Resources */ = {
			isa = PBXResourcesBuildPhase;
			buildActionMask = 2147483647;
			files = (
				0F6B690C21D4C95C0041B3B6 /* se_item_get.mp3 in Resources */,
				0F6B690A21D4C95C0041B3B6 /* bgm_game_playing.mp3 in Resources */,
				0F8BDA7421D5BF8C004F5FAA /* xxxx.mp3 in Resources */,
				0F0AAAE421D2107300518747 /* LaunchScreen.storyboard in Resources */,
				0F0AAAE121D2107300518747 /* Assets.xcassets in Resources */,
				0F6B690B21D4C95C0041B3B6 /* se_gameover.mp3 in Resources */,
				0F8BDA7221D5BB76004F5FAA /* xxx.mp3 in Resources */,
				0F6B690E21D4DD5B0041B3B6 /* ItemGetParticle.sks in Resources */,
				0F0AAADF21D2107200518747 /* Main.storyboard in Resources */,
			);
			runOnlyForDeploymentPostprocessing = 0;
		};
/* End PBXResourcesBuildPhase section */

/* Begin PBXShellScriptBuildPhase section */
		8072C5C72178D32D2DBA9173 /* [CP] Check Pods Manifest.lock */ = {
			isa = PBXShellScriptBuildPhase;
			buildActionMask = 2147483647;
			files = (
			);
			inputFileListPaths = (
			);
			inputPaths = (
				"${PODS_PODFILE_DIR_PATH}/Podfile.lock",
				"${PODS_ROOT}/Manifest.lock",
			);
			name = "[CP] Check Pods Manifest.lock";
			outputFileListPaths = (
			);
			outputPaths = (
				"$(DERIVED_FILE_DIR)/Pods-FlappyBird-checkManifestLockResult.txt",
			);
			runOnlyForDeploymentPostprocessing = 0;
			shellPath = /bin/sh;
			shellScript = "diff \"${PODS_PODFILE_DIR_PATH}/Podfile.lock\" \"${PODS_ROOT}/Manifest.lock\" > /dev/null\nif [ $? != 0 ] ; then\n    # print error to STDERR\n    echo \"error: The sandbox is not in sync with the Podfile.lock. Run 'pod install' or update your CocoaPods installation.\" >&2\n    exit 1\nfi\n# This output is used by Xcode 'outputs' to avoid re-running this script phase.\necho \"SUCCESS\" > \"${SCRIPT_OUTPUT_FILE_0}\"\n";
			showEnvVarsInLog = 0;
		};
/* End PBXShellScriptBuildPhase section */

/* Begin PBXSourcesBuildPhase section */
		0F0AAAD221D2107200518747 /* Sources */ = {
			isa = PBXSourcesBuildPhase;
			buildActionMask = 2147483647;
			files = (
				0F0AAAEC21D2195200518747 /* GameScene.swift in Sources */,
				0F0AAADC21D2107200518747 /* ViewController.swift in Sources */,
				0F0AAADA21D2107200518747 /* AppDelegate.swift in Sources */,
				0F0AAAEE21D3166700518747 /* TitleScene.swift in Sources */,
				0FA35F3F21D38E0500D29138 /* ObjectSize.swift in Sources */,
			);
			runOnlyForDeploymentPostprocessing = 0;
		};
/* End PBXSourcesBuildPhase section */

/* Begin PBXVariantGroup section */
		0F0AAADD21D2107200518747 /* Main.storyboard */ = {
			isa = PBXVariantGroup;
			children = (
				0F0AAADE21D2107200518747 /* Base */,
			);
			name = Main.storyboard;
			sourceTree = "<group>";
		};
		0F0AAAE221D2107300518747 /* LaunchScreen.storyboard */ = {
			isa = PBXVariantGroup;
			children = (
				0F0AAAE321D2107300518747 /* Base */,
			);
			name = LaunchScreen.storyboard;
			sourceTree = "<group>";
		};
/* End PBXVariantGroup section */

/* Begin XCBuildConfiguration section */
		0F0AAAE621D2107300518747 /* Debug */ = {
			isa = XCBuildConfiguration;
			buildSettings = {
				ALWAYS_SEARCH_USER_PATHS = NO;
				CLANG_ANALYZER_NONNULL = YES;
				CLANG_ANALYZER_NUMBER_OBJECT_CONVERSION = YES_AGGRESSIVE;
				CLANG_CXX_LANGUAGE_STANDARD = "gnu++14";
				CLANG_CXX_LIBRARY = "libc++";
				CLANG_ENABLE_MODULES = YES;
				CLANG_ENABLE_OBJC_ARC = YES;
				CLANG_ENABLE_OBJC_WEAK = YES;
				CLANG_WARN_BLOCK_CAPTURE_AUTORELEASING = YES;
				CLANG_WARN_BOOL_CONVERSION = YES;
				CLANG_WARN_COMMA = YES;
				CLANG_WARN_CONSTANT_CONVERSION = YES;
				CLANG_WARN_DEPRECATED_OBJC_IMPLEMENTATIONS = YES;
				CLANG_WARN_DIRECT_OBJC_ISA_USAGE = YES_ERROR;
				CLANG_WARN_DOCUMENTATION_COMMENTS = YES;
				CLANG_WARN_EMPTY_BODY = YES;
				CLANG_WARN_ENUM_CONVERSION = YES;
				CLANG_WARN_INFINITE_RECURSION = YES;
				CLANG_WARN_INT_CONVERSION = YES;
				CLANG_WARN_NON_LITERAL_NULL_CONVERSION = YES;
				CLANG_WARN_OBJC_IMPLICIT_RETAIN_SELF = YES;
				CLANG_WARN_OBJC_LITERAL_CONVERSION = YES;
				CLANG_WARN_OBJC_ROOT_CLASS = YES_ERROR;
				CLANG_WARN_RANGE_LOOP_ANALYSIS = YES;
				CLANG_WARN_STRICT_PROTOTYPES = YES;
				CLANG_WARN_SUSPICIOUS_MOVE = YES;
				CLANG_WARN_UNGUARDED_AVAILABILITY = YES_AGGRESSIVE;
				CLANG_WARN_UNREACHABLE_CODE = YES;
				CLANG_WARN__DUPLICATE_METHOD_MATCH = YES;
				CODE_SIGN_IDENTITY = "iPhone Developer";
				COPY_PHASE_STRIP = NO;
				DEBUG_INFORMATION_FORMAT = dwarf;
				ENABLE_STRICT_OBJC_MSGSEND = YES;
				ENABLE_TESTABILITY = YES;
				GCC_C_LANGUAGE_STANDARD = gnu11;
				GCC_DYNAMIC_NO_PIC = NO;
				GCC_NO_COMMON_BLOCKS = YES;
				GCC_OPTIMIZATION_LEVEL = 0;
				GCC_PREPROCESSOR_DEFINITIONS = (
					"DEBUG=1",
					"$(inherited)",
				);
				GCC_WARN_64_TO_32_BIT_CONVERSION = YES;
				GCC_WARN_ABOUT_RETURN_TYPE = YES_ERROR;
				GCC_WARN_UNDECLARED_SELECTOR = YES;
				GCC_WARN_UNINITIALIZED_AUTOS = YES_AGGRESSIVE;
				GCC_WARN_UNUSED_FUNCTION = YES;
				GCC_WARN_UNUSED_VARIABLE = YES;
				IPHONEOS_DEPLOYMENT_TARGET = 12.0;
				MTL_ENABLE_DEBUG_INFO = INCLUDE_SOURCE;
				MTL_FAST_MATH = YES;
				ONLY_ACTIVE_ARCH = YES;
				SDKROOT = iphoneos;
				SWIFT_ACTIVE_COMPILATION_CONDITIONS = DEBUG;
				SWIFT_OPTIMIZATION_LEVEL = "-Onone";
			};
			name = Debug;
		};
		0F0AAAE721D2107300518747 /* Release */ = {
			isa = XCBuildConfiguration;
			buildSettings = {
				ALWAYS_SEARCH_USER_PATHS = NO;
				CLANG_ANALYZER_NONNULL = YES;
				CLANG_ANALYZER_NUMBER_OBJECT_CONVERSION = YES_AGGRESSIVE;
				CLANG_CXX_LANGUAGE_STANDARD = "gnu++14";
				CLANG_CXX_LIBRARY = "libc++";
				CLANG_ENABLE_MODULES = YES;
				CLANG_ENABLE_OBJC_ARC = YES;
				CLANG_ENABLE_OBJC_WEAK = YES;
				CLANG_WARN_BLOCK_CAPTURE_AUTORELEASING = YES;
				CLANG_WARN_BOOL_CONVERSION = YES;
				CLANG_WARN_COMMA = YES;
				CLANG_WARN_CONSTANT_CONVERSION = YES;
				CLANG_WARN_DEPRECATED_OBJC_IMPLEMENTATIONS = YES;
				CLANG_WARN_DIRECT_OBJC_ISA_USAGE = YES_ERROR;
				CLANG_WARN_DOCUMENTATION_COMMENTS = YES;
				CLANG_WARN_EMPTY_BODY = YES;
				CLANG_WARN_ENUM_CONVERSION = YES;
				CLANG_WARN_INFINITE_RECURSION = YES;
				CLANG_WARN_INT_CONVERSION = YES;
				CLANG_WARN_NON_LITERAL_NULL_CONVERSION = YES;
				CLANG_WARN_OBJC_IMPLICIT_RETAIN_SELF = YES;
				CLANG_WARN_OBJC_LITERAL_CONVERSION = YES;
				CLANG_WARN_OBJC_ROOT_CLASS = YES_ERROR;
				CLANG_WARN_RANGE_LOOP_ANALYSIS = YES;
				CLANG_WARN_STRICT_PROTOTYPES = YES;
				CLANG_WARN_SUSPICIOUS_MOVE = YES;
				CLANG_WARN_UNGUARDED_AVAILABILITY = YES_AGGRESSIVE;
				CLANG_WARN_UNREACHABLE_CODE = YES;
				CLANG_WARN__DUPLICATE_METHOD_MATCH = YES;
				CODE_SIGN_IDENTITY = "iPhone Developer";
				COPY_PHASE_STRIP = NO;
				DEBUG_INFORMATION_FORMAT = "dwarf-with-dsym";
				ENABLE_NS_ASSERTIONS = NO;
				ENABLE_STRICT_OBJC_MSGSEND = YES;
				GCC_C_LANGUAGE_STANDARD = gnu11;
				GCC_NO_COMMON_BLOCKS = YES;
				GCC_WARN_64_TO_32_BIT_CONVERSION = YES;
				GCC_WARN_ABOUT_RETURN_TYPE = YES_ERROR;
				GCC_WARN_UNDECLARED_SELECTOR = YES;
				GCC_WARN_UNINITIALIZED_AUTOS = YES_AGGRESSIVE;
				GCC_WARN_UNUSED_FUNCTION = YES;
				GCC_WARN_UNUSED_VARIABLE = YES;
				IPHONEOS_DEPLOYMENT_TARGET = 12.0;
				MTL_ENABLE_DEBUG_INFO = NO;
				MTL_FAST_MATH = YES;
				SDKROOT = iphoneos;
				SWIFT_COMPILATION_MODE = wholemodule;
				SWIFT_OPTIMIZATION_LEVEL = "-O";
				VALIDATE_PRODUCT = YES;
			};
			name = Release;
		};
		0F0AAAE921D2107300518747 /* Debug */ = {
			isa = XCBuildConfiguration;
			baseConfigurationReference = 7511B5A0AD2ED98D7462D469 /* Pods-FlappyBird.debug.xcconfig */;
			buildSettings = {
				ASSETCATALOG_COMPILER_APPICON_NAME = AppIcon;
				CODE_SIGN_STYLE = Automatic;
				DEVELOPMENT_TEAM = A47KQMMXT8;
				INFOPLIST_FILE = FlappyBird/Info.plist;
				LD_RUNPATH_SEARCH_PATHS = (
					"$(inherited)",
					"@executable_path/Frameworks",
				);
				PRODUCT_BUNDLE_IDENTIFIER = jp.techacademy.hirohisa.kimura.FlappyBird;
				PRODUCT_NAME = "$(TARGET_NAME)";
				SWIFT_VERSION = 4.2;
				TARGETED_DEVICE_FAMILY = 1;
			};
			name = Debug;
		};
		0F0AAAEA21D2107300518747 /* Release */ = {
			isa = XCBuildConfiguration;
			baseConfigurationReference = D70235FFC0CA767544972301 /* Pods-FlappyBird.release.xcconfig */;
			buildSettings = {
				ASSETCATALOG_COMPILER_APPICON_NAME = AppIcon;
				CODE_SIGN_STYLE = Automatic;
				DEVELOPMENT_TEAM = A47KQMMXT8;
				INFOPLIST_FILE = FlappyBird/Info.plist;
				LD_RUNPATH_SEARCH_PATHS = (
					"$(inherited)",
					"@executable_path/Frameworks",
				);
				PRODUCT_BUNDLE_IDENTIFIER = jp.techacademy.hirohisa.kimura.FlappyBird;
				PRODUCT_NAME = "$(TARGET_NAME)";
				SWIFT_VERSION = 4.2;
				TARGETED_DEVICE_FAMILY = 1;
			};
			name = Release;
		};
/* End XCBuildConfiguration section */

/* Begin XCConfigurationList section */
		0F0AAAD121D2107200518747 /* Build configuration list for PBXProject "FlappyBird" */ = {
			isa = XCConfigurationList;
			buildConfigurations = (
				0F0AAAE621D2107300518747 /* Debug */,
				0F0AAAE721D2107300518747 /* Release */,
			);
			defaultConfigurationIsVisible = 0;
			defaultConfigurationName = Release;
		};
		0F0AAAE821D2107300518747 /* Build configuration list for PBXNativeTarget "FlappyBird" */ = {
			isa = XCConfigurationList;
			buildConfigurations = (
				0F0AAAE921D2107300518747 /* Debug */,
				0F0AAAEA21D2107300518747 /* Release */,
			);
			defaultConfigurationIsVisible = 0;
			defaultConfigurationName = Release;
		};
/* End XCConfigurationList section */
	};
	rootObject = 0F0AAACE21D2107200518747 /* Project object */;
}
